# THIS IS AN AUTOGENERATED FILE. DO NOT EDIT THIS FILE DIRECTLY.
# yarn lockfile v1


klona@^2.0.4:
  version "2.0.5"
  resolved "https://registry.yarnpkg.com/klona/-/klona-2.0.5.tgz#d166574d90076395d9963aa7a928fabb8d76afbc"
  integrity sha512-pJiBpiXMbt7dkzXe8Ghj/u4FfXOOa98fPW+bihOJ4SjnoijweJrNThJfd3ifXpXhREjpoF2mZVH1GfS9LV3kHQ==

neo-async@^2.6.2:
  version "2.6.2"
  resolved "https://registry.yarnpkg.com/neo-async/-/neo-async-2.6.2.tgz#b4aafb93e3aeb2d8174ca53cf163ab7d7308305f"
  integrity sha512-Yd3UES5mWCSqR+qNT93S3UoYUkqAZ9lLg8a7g9rimsWmYGK8cVToA4/sF3RrshdyV3sAGMXVUmpMYOw+dLpOuw==

sass-loader@^12.3.0:
  version "12.3.0"
  resolved "https://registry.yarnpkg.com/sass-loader/-/sass-loader-12.3.0.tgz#93278981c189c36a58cbfc37d4b9cef0cdc02871"
  integrity sha512-6l9qwhdOb7qSrtOu96QQ81LVl8v6Dp9j1w3akOm0aWHyrTYtagDt5+kS32N4yq4hHk3M+rdqoRMH+lIdqvW6HA==
  dependencies:
    klona "^2.0.4"
    neo-async "^2.6.2"
